
Microsoft Visual Studio Solution File, Format Version 12.00
# Visual Studio Version 17
VisualStudioVersion = 17.2.32526.322
MinimumVisualStudioVersion = 10.0.40219.1
Project("{FAE04EC0-301F-11D3-BF4B-00C04F79EFBC}") = "Url-Shortener", "Url-Shortener\Url-Shortener.csproj", "{F6D0345A-951D-4F71-B739-8BC2280D42C6}"
EndProject
Global
	GlobalSection(SolutionConfigurationPlatforms) = preSolution
		Debug|Any CPU = Debug|Any CPU
		Release|Any CPU = Release|Any CPU
	EndGlobalSection
	GlobalSection(ProjectConfigurationPlatforms) = postSolution
		{F6D0345A-951D-4F71-B739-8BC2280D42C6}.Debug|Any CPU.ActiveCfg = Debug|Any CPU
		{F6D0345A-951D-4F71-B739-8BC2280D42C6}.Debug|Any CPU.Build.0 = Debug|Any CPU
		{F6D0345A-951D-4F71-B739-8BC2280D42C6}.Release|Any CPU.ActiveCfg = Release|Any CPU
		{F6D0345A-951D-4F71-B739-8BC2280D42C6}.Release|Any CPU.Build.0 = Release|Any CPU
	EndGlobalSection
	GlobalSection(SolutionProperties) = preSolution
		HideSolutionNode = FALSE
	EndGlobalSection
	GlobalSection(ExtensibilityGlobals) = postSolution
		SolutionGuid = {04A63A96-A90D-434C-9DDD-40BDE9CAF925}
	EndGlobalSection
EndGlobal
